# THIS IS AN AUTOGENERATED FILE. DO NOT EDIT THIS FILE DIRECTLY.
# yarn lockfile v1


chart.js@^3.5.1:
  version "3.5.1"
  resolved "https://registry.yarnpkg.com/chart.js/-/chart.js-3.5.1.tgz#73e24d23a4134a70ccdb5e79a917f156b6f3644a"
  integrity sha512-m5kzt72I1WQ9LILwQC4syla/LD/N413RYv2Dx2nnTkRS9iv/ey1xLTt0DnPc/eWV4zI+BgEgDYBIzbQhZHc/PQ==

jquery-ui@^1.13.0:
  version "1.13.0"
  resolved "https://registry.yarnpkg.com/jquery-ui/-/jquery-ui-1.13.0.tgz#ab5ac65f37ca093c51b3478c4097f55bbc008f36"
  integrity sha512-Osf7ECXNTYHtKBkn9xzbIf9kifNrBhfywFEKxOeB/OVctVmLlouV9mfc2qXCp6uyO4Pn72PXKOnj09qXetopCw==
  dependencies:
    jquery ">=1.8.0 <4.0.0"

"jquery@>=1.8.0 <4.0.0", jquery@^3.6.0:
  version "3.6.0"
  resolved "https://registry.yarnpkg.com/jquery/-/jquery-3.6.0.tgz#c72a09f15c1bdce142f49dbf1170bdf8adac2470"
  integrity sha512-JVzAR/AjBvVt2BmYhxRCSYysDsPcssdmTFnzyLEts9qNwmjmu4JTAMYubEfwVOSwpQ1I1sKKFcxhZCI2buerfw==

moment@2.29.1:
  version "2.29.1"
  resolved "https://registry.yarnpkg.com/moment/-/moment-2.29.1.tgz#b2be769fa31940be9eeea6469c075e35006fa3d3"
  integrity sha512-kHmoybcPV8Sqy59DwNDY3Jefr64lK/by/da0ViFcuA4DH0vQg5Q6Ze5VimxkfQNSC+Mls/Kx53s7TjP1RhFEDQ==

normalize.css@^8.0.1:
  version "8.0.1"
  resolved "https://registry.yarnpkg.com/normalize.css/-/normalize.css-8.0.1.tgz#9b98a208738b9cc2634caacbc42d131c97487bf3"
  integrity sha512-qizSNPO93t1YUuUhP22btGOo3chcvDFqFaj2TRybP0DMxkHOCTYwp3n34fel4a31ORXy4m1Xq0Gyqpb5m33qIg==
